// !$*UTF8*$!
{
	archiveVersion = 1;
	classes = {
	};
	objectVersion = 53;
	objects = {

/* Begin PBXBuildFile section */
		90137C0F2A994FC60051AED8 /* Run.swift in Sources */ = {isa = PBXBuildFile; fileRef = 90137C0E2A994FC60051AED8 /* Run.swift */; };
		90137C112A9954920051AED8 /* RunsPage.swift in Sources */ = {isa = PBXBuildFile; fileRef = 90137C102A9954920051AED8 /* RunsPage.swift */; };
		9037C1832A9CFB4500F8401D /* Run2.swift in Sources */ = {isa = PBXBuildFile; fileRef = 9037C1822A9CFB4500F8401D /* Run2.swift */; };
		9037C1852A9CFB8900F8401D /* RunsManager2.swift in Sources */ = {isa = PBXBuildFile; fileRef = 9037C1842A9CFB8900F8401D /* RunsManager2.swift */; };
		9037C1872A9CFDE900F8401D /* RunsPage2.swift in Sources */ = {isa = PBXBuildFile; fileRef = 9037C1862A9CFDE900F8401D /* RunsPage2.swift */; };
		9037C18E2A9D3F8400F8401D /* Bottle.swift in Sources */ = {isa = PBXBuildFile; fileRef = 9037C18D2A9D3F8400F8401D /* Bottle.swift */; };
		9037C1902A9D40BD00F8401D /* BottleManager.swift in Sources */ = {isa = PBXBuildFile; fileRef = 9037C18F2A9D40BD00F8401D /* BottleManager.swift */; };
		9037C1922A9D425D00F8401D /* BottlesPage.swift in Sources */ = {isa = PBXBuildFile; fileRef = 9037C1912A9D425D00F8401D /* BottlesPage.swift */; };
		9068D9072AAB7A580078892B /* SwipeDataPage.swift in Sources */ = {isa = PBXBuildFile; fileRef = 9068D9062AAB7A580078892B /* SwipeDataPage.swift */; };
		907AB2C32A9D58BD00B489BF /* FieldTestManager.swift in Sources */ = {isa = PBXBuildFile; fileRef = 907AB2C22A9D58BD00B489BF /* FieldTestManager.swift */; };
		907AB2C52A9D5E5400B489BF /* AllDataManager.swift in Sources */ = {isa = PBXBuildFile; fileRef = 907AB2C42A9D5E5400B489BF /* AllDataManager.swift */; };
		907AB2C72A9D610700B489BF /* TestsBottlesPage.swift in Sources */ = {isa = PBXBuildFile; fileRef = 907AB2C62A9D610700B489BF /* TestsBottlesPage.swift */; };
		907AB2C92A9D63A500B489BF /* Site2.swift in Sources */ = {isa = PBXBuildFile; fileRef = 907AB2C82A9D63A500B489BF /* Site2.swift */; };
		907AB2CB2A9D656900B489BF /* AllDataModel.swift in Sources */ = {isa = PBXBuildFile; fileRef = 907AB2CA2A9D656900B489BF /* AllDataModel.swift */; };
		907AB2CD2A9D669C00B489BF /* ScrollDataPage.swift in Sources */ = {isa = PBXBuildFile; fileRef = 907AB2CC2A9D669C00B489BF /* ScrollDataPage.swift */; };
		907AB2D12A9D6FAB00B489BF /* SitesPage2.swift in Sources */ = {isa = PBXBuildFile; fileRef = 907AB2D02A9D6FAB00B489BF /* SitesPage2.swift */; };
		90956CB02A96CFD100130390 /* wqsmApp.swift in Sources */ = {isa = PBXBuildFile; fileRef = 90956CAF2A96CFD100130390 /* wqsmApp.swift */; };
		90956CB22A96CFD100130390 /* ContentView.swift in Sources */ = {isa = PBXBuildFile; fileRef = 90956CB12A96CFD100130390 /* ContentView.swift */; };
		90956CB42A96CFD200130390 /* Assets.xcassets in Resources */ = {isa = PBXBuildFile; fileRef = 90956CB32A96CFD200130390 /* Assets.xcassets */; };
		90956CB72A96CFD200130390 /* Preview Assets.xcassets in Resources */ = {isa = PBXBuildFile; fileRef = 90956CB62A96CFD200130390 /* Preview Assets.xcassets */; };
		90956CC02A96D41D00130390 /* AppTitle.swift in Sources */ = {isa = PBXBuildFile; fileRef = 90956CBF2A96D41D00130390 /* AppTitle.swift */; };
		90956CC52A96D78500130390 /* FieldTest.swift in Sources */ = {isa = PBXBuildFile; fileRef = 90956CC42A96D78500130390 /* FieldTest.swift */; };
		90A0A0D52A9BC2A100D92264 /* RunsManager.swift in Sources */ = {isa = PBXBuildFile; fileRef = 90A0A0D42A9BC2A100D92264 /* RunsManager.swift */; };
		90B0D9C62A99004B0079423F /* Site.swift in Sources */ = {isa = PBXBuildFile; fileRef = 90B0D9C52A99004B0079423F /* Site.swift */; };
		90C6A5952A97EE1400E43F69 /* FieldTestsPage.swift in Sources */ = {isa = PBXBuildFile; fileRef = 90C6A5942A97EE1400E43F69 /* FieldTestsPage.swift */; };
		90C6A5972A97F1B500E43F69 /* SitesPage.swift in Sources */ = {isa = PBXBuildFile; fileRef = 90C6A5962A97F1B500E43F69 /* SitesPage.swift */; };
		90CB420B2AA915F100953D60 /* SiteCommentsPage.swift in Sources */ = {isa = PBXBuildFile; fileRef = 90CB420A2AA915F100953D60 /* SiteCommentsPage.swift */; };
/* End PBXBuildFile section */

/* Begin PBXFileReference section */
		90137C0E2A994FC60051AED8 /* Run.swift */ = {isa = PBXFileReference; lastKnownFileType = sourcecode.swift; path = Run.swift; sourceTree = "<group>"; };
		90137C102A9954920051AED8 /* RunsPage.swift */ = {isa = PBXFileReference; lastKnownFileType = sourcecode.swift; path = RunsPage.swift; sourceTree = "<group>"; };
		9037C1822A9CFB4500F8401D /* Run2.swift */ = {isa = PBXFileReference; lastKnownFileType = sourcecode.swift; path = Run2.swift; sourceTree = "<group>"; };
		9037C1842A9CFB8900F8401D /* RunsManager2.swift */ = {isa = PBXFileReference; lastKnownFileType = sourcecode.swift; path = RunsManager2.swift; sourceTree = "<group>"; };
		9037C1862A9CFDE900F8401D /* RunsPage2.swift */ = {isa = PBXFileReference; lastKnownFileType = sourcecode.swift; path = RunsPage2.swift; sourceTree = "<group>"; };
		9037C18D2A9D3F8400F8401D /* Bottle.swift */ = {isa = PBXFileReference; lastKnownFileType = sourcecode.swift; path = Bottle.swift; sourceTree = "<group>"; };
		9037C18F2A9D40BD00F8401D /* BottleManager.swift */ = {isa = PBXFileReference; lastKnownFileType = sourcecode.swift; path = BottleManager.swift; sourceTree = "<group>"; };
		9037C1912A9D425D00F8401D /* BottlesPage.swift */ = {isa = PBXFileReference; lastKnownFileType = sourcecode.swift; path = BottlesPage.swift; sourceTree = "<group>"; };
		9068D9062AAB7A580078892B /* SwipeDataPage.swift */ = {isa = PBXFileReference; lastKnownFileType = sourcecode.swift; path = SwipeDataPage.swift; sourceTree = "<group>"; };
		907AB2C22A9D58BD00B489BF /* FieldTestManager.swift */ = {isa = PBXFileReference; lastKnownFileType = sourcecode.swift; path = FieldTestManager.swift; sourceTree = "<group>"; };
		907AB2C42A9D5E5400B489BF /* AllDataManager.swift */ = {isa = PBXFileReference; lastKnownFileType = sourcecode.swift; path = AllDataManager.swift; sourceTree = "<group>"; };
		907AB2C62A9D610700B489BF /* TestsBottlesPage.swift */ = {isa = PBXFileReference; lastKnownFileType = sourcecode.swift; path = TestsBottlesPage.swift; sourceTree = "<group>"; };
		907AB2C82A9D63A500B489BF /* Site2.swift */ = {isa = PBXFileReference; lastKnownFileType = sourcecode.swift; path = Site2.swift; sourceTree = "<group>"; };
		907AB2CA2A9D656900B489BF /* AllDataModel.swift */ = {isa = PBXFileReference; lastKnownFileType = sourcecode.swift; path = AllDataModel.swift; sourceTree = "<group>"; };
		907AB2CC2A9D669C00B489BF /* ScrollDataPage.swift */ = {isa = PBXFileReference; lastKnownFileType = sourcecode.swift; path = ScrollDataPage.swift; sourceTree = "<group>"; };
		907AB2D02A9D6FAB00B489BF /* SitesPage2.swift */ = {isa = PBXFileReference; lastKnownFileType = sourcecode.swift; path = SitesPage2.swift; sourceTree = "<group>"; };
		90956CAC2A96CFD100130390 /* wqsm.app */ = {isa = PBXFileReference; explicitFileType = wrapper.application; includeInIndex = 0; path = wqsm.app; sourceTree = BUILT_PRODUCTS_DIR; };
		90956CAF2A96CFD100130390 /* wqsmApp.swift */ = {isa = PBXFileReference; lastKnownFileType = sourcecode.swift; path = wqsmApp.swift; sourceTree = "<group>"; };
		90956CB12A96CFD100130390 /* ContentView.swift */ = {isa = PBXFileReference; lastKnownFileType = sourcecode.swift; path = ContentView.swift; sourceTree = "<group>"; };
		90956CB32A96CFD200130390 /* Assets.xcassets */ = {isa = PBXFileReference; lastKnownFileType = folder.assetcatalog; path = Assets.xcassets; sourceTree = "<group>"; };
		90956CB62A96CFD200130390 /* Preview Assets.xcassets */ = {isa = PBXFileReference; lastKnownFileType = folder.assetcatalog; path = "Preview Assets.xcassets"; sourceTree = "<group>"; };
		90956CB82A96CFD200130390 /* Info.plist */ = {isa = PBXFileReference; lastKnownFileType = text.plist.xml; path = Info.plist; sourceTree = "<group>"; };
		90956CBF2A96D41D00130390 /* AppTitle.swift */ = {isa = PBXFileReference; lastKnownFileType = sourcecode.swift; path = AppTitle.swift; sourceTree = "<group>"; };
		90956CC42A96D78500130390 /* FieldTest.swift */ = {isa = PBXFileReference; lastKnownFileType = sourcecode.swift; path = FieldTest.swift; sourceTree = "<group>"; };
		90A0A0D42A9BC2A100D92264 /* RunsManager.swift */ = {isa = PBXFileReference; lastKnownFileType = sourcecode.swift; path = RunsManager.swift; sourceTree = "<group>"; };
		90B0D9C52A99004B0079423F /* Site.swift */ = {isa = PBXFileReference; lastKnownFileType = sourcecode.swift; path = Site.swift; sourceTree = "<group>"; };
		90C6A5942A97EE1400E43F69 /* FieldTestsPage.swift */ = {isa = PBXFileReference; lastKnownFileType = sourcecode.swift; path = FieldTestsPage.swift; sourceTree = "<group>"; };
		90C6A5962A97F1B500E43F69 /* SitesPage.swift */ = {isa = PBXFileReference; lastKnownFileType = sourcecode.swift; path = SitesPage.swift; sourceTree = "<group>"; };
		90CB420A2AA915F100953D60 /* SiteCommentsPage.swift */ = {isa = PBXFileReference; lastKnownFileType = sourcecode.swift; path = SiteCommentsPage.swift; sourceTree = "<group>"; };
/* End PBXFileReference section */

/* Begin PBXFrameworksBuildPhase section */
		90956CA92A96CFD100130390 /* Frameworks */ = {
			isa = PBXFrameworksBuildPhase;
			buildActionMask = 2147483647;
			files = (
			);
			runOnlyForDeploymentPostprocessing = 0;
		};
/* End PBXFrameworksBuildPhase section */

/* Begin PBXGroup section */
		90956CA32A96CFD100130390 = {
			isa = PBXGroup;
			children = (
				90956CAE2A96CFD100130390 /* wqsm */,
				90956CAD2A96CFD100130390 /* Products */,
			);
			sourceTree = "<group>";
		};
		90956CAD2A96CFD100130390 /* Products */ = {
			isa = PBXGroup;
			children = (
				90956CAC2A96CFD100130390 /* wqsm.app */,
			);
			name = Products;
			sourceTree = "<group>";
		};
		90956CAE2A96CFD100130390 /* wqsm */ = {
			isa = PBXGroup;
			children = (
				90956CC32A96D76C00130390 /* Model */,
				90956CBE2A96D3FB00130390 /* Views */,
				90C6A5932A97EDEB00E43F69 /* Page Views */,
				90956CAF2A96CFD100130390 /* wqsmApp.swift */,
				90956CB12A96CFD100130390 /* ContentView.swift */,
				90956CB32A96CFD200130390 /* Assets.xcassets */,
				90956CB82A96CFD200130390 /* Info.plist */,
				90956CB52A96CFD200130390 /* Preview Content */,
			);
			path = wqsm;
			sourceTree = "<group>";
		};
		90956CB52A96CFD200130390 /* Preview Content */ = {
			isa = PBXGroup;
			children = (
				90956CB62A96CFD200130390 /* Preview Assets.xcassets */,
			);
			path = "Preview Content";
			sourceTree = "<group>";
		};
		90956CBE2A96D3FB00130390 /* Views */ = {
			isa = PBXGroup;
			children = (
				90956CBF2A96D41D00130390 /* AppTitle.swift */,
			);
			path = Views;
			sourceTree = "<group>";
		};
		90956CC32A96D76C00130390 /* Model */ = {
			isa = PBXGroup;
			children = (
				90956CC42A96D78500130390 /* FieldTest.swift */,
				90B0D9C52A99004B0079423F /* Site.swift */,
				90137C0E2A994FC60051AED8 /* Run.swift */,
				90A0A0D42A9BC2A100D92264 /* RunsManager.swift */,
				9037C1822A9CFB4500F8401D /* Run2.swift */,
				9037C1842A9CFB8900F8401D /* RunsManager2.swift */,
				9037C18D2A9D3F8400F8401D /* Bottle.swift */,
				9037C18F2A9D40BD00F8401D /* BottleManager.swift */,
				907AB2C22A9D58BD00B489BF /* FieldTestManager.swift */,
				907AB2C42A9D5E5400B489BF /* AllDataManager.swift */,
				907AB2C82A9D63A500B489BF /* Site2.swift */,
				907AB2CA2A9D656900B489BF /* AllDataModel.swift */,
			);
			path = Model;
			sourceTree = "<group>";
		};
		90C6A5932A97EDEB00E43F69 /* Page Views */ = {
			isa = PBXGroup;
			children = (
				90C6A5942A97EE1400E43F69 /* FieldTestsPage.swift */,
				90C6A5962A97F1B500E43F69 /* SitesPage.swift */,
				90137C102A9954920051AED8 /* RunsPage.swift */,
				9037C1862A9CFDE900F8401D /* RunsPage2.swift */,
				9037C1912A9D425D00F8401D /* BottlesPage.swift */,
				907AB2C62A9D610700B489BF /* TestsBottlesPage.swift */,
				907AB2CC2A9D669C00B489BF /* ScrollDataPage.swift */,
				907AB2D02A9D6FAB00B489BF /* SitesPage2.swift */,
				90CB420A2AA915F100953D60 /* SiteCommentsPage.swift */,
				9068D9062AAB7A580078892B /* SwipeDataPage.swift */,
			);
			path = "Page Views";
			sourceTree = "<group>";
		};
/* End PBXGroup section */

/* Begin PBXNativeTarget section */
		90956CAB2A96CFD100130390 /* wqsm */ = {
			isa = PBXNativeTarget;
			buildConfigurationList = 90956CBB2A96CFD200130390 /* Build configuration list for PBXNativeTarget "wqsm" */;
			buildPhases = (
				90956CA82A96CFD100130390 /* Sources */,
				90956CA92A96CFD100130390 /* Frameworks */,
				90956CAA2A96CFD100130390 /* Resources */,
			);
			buildRules = (
			);
			dependencies = (
			);
			name = wqsm;
			productName = wqsm;
			productReference = 90956CAC2A96CFD100130390 /* wqsm.app */;
			productType = "com.apple.product-type.application";
		};
/* End PBXNativeTarget section */

/* Begin PBXProject section */
		90956CA42A96CFD100130390 /* Project object */ = {
			isa = PBXProject;
			attributes = {
				BuildIndependentTargetsInParallel = YES;
				LastSwiftUpdateCheck = 1250;
				LastUpgradeCheck = 1430;
				TargetAttributes = {
					90956CAB2A96CFD100130390 = {
						CreatedOnToolsVersion = 12.5.1;
					};
				};
			};
			buildConfigurationList = 90956CA72A96CFD100130390 /* Build configuration list for PBXProject "wqsm" */;
			compatibilityVersion = "Xcode 9.3";
			developmentRegion = en;
			hasScannedForEncodings = 0;
			knownRegions = (
				en,
				Base,
			);
			mainGroup = 90956CA32A96CFD100130390;
			productRefGroup = 90956CAD2A96CFD100130390 /* Products */;
			projectDirPath = "";
			projectRoot = "";
			targets = (
				90956CAB2A96CFD100130390 /* wqsm */,
			);
		};
/* End PBXProject section */

/* Begin PBXResourcesBuildPhase section */
		90956CAA2A96CFD100130390 /* Resources */ = {
			isa = PBXResourcesBuildPhase;
			buildActionMask = 2147483647;
			files = (
				90956CB72A96CFD200130390 /* Preview Assets.xcassets in Resources */,
				90956CB42A96CFD200130390 /* Assets.xcassets in Resources */,
			);
			runOnlyForDeploymentPostprocessing = 0;
		};
/* End PBXResourcesBuildPhase section */

/* Begin PBXSourcesBuildPhase section */
		90956CA82A96CFD100130390 /* Sources */ = {
			isa = PBXSourcesBuildPhase;
			buildActionMask = 2147483647;
			files = (
				90956CC52A96D78500130390 /* FieldTest.swift in Sources */,
				907AB2CB2A9D656900B489BF /* AllDataModel.swift in Sources */,
				90A0A0D52A9BC2A100D92264 /* RunsManager.swift in Sources */,
				9037C1902A9D40BD00F8401D /* BottleManager.swift in Sources */,
				90137C112A9954920051AED8 /* RunsPage.swift in Sources */,
				9037C1922A9D425D00F8401D /* BottlesPage.swift in Sources */,
				90137C0F2A994FC60051AED8 /* Run.swift in Sources */,
				9037C1832A9CFB4500F8401D /* Run2.swift in Sources */,
				90CB420B2AA915F100953D60 /* SiteCommentsPage.swift in Sources */,
				90C6A5972A97F1B500E43F69 /* SitesPage.swift in Sources */,
				9037C1852A9CFB8900F8401D /* RunsManager2.swift in Sources */,
				90C6A5952A97EE1400E43F69 /* FieldTestsPage.swift in Sources */,
				90956CC02A96D41D00130390 /* AppTitle.swift in Sources */,
				907AB2C32A9D58BD00B489BF /* FieldTestManager.swift in Sources */,
				9037C18E2A9D3F8400F8401D /* Bottle.swift in Sources */,
				907AB2C52A9D5E5400B489BF /* AllDataManager.swift in Sources */,
				907AB2D12A9D6FAB00B489BF /* SitesPage2.swift in Sources */,
				907AB2C92A9D63A500B489BF /* Site2.swift in Sources */,
				90B0D9C62A99004B0079423F /* Site.swift in Sources */,
				9037C1872A9CFDE900F8401D /* RunsPage2.swift in Sources */,
				90956CB22A96CFD100130390 /* ContentView.swift in Sources */,
				907AB2CD2A9D669C00B489BF /* ScrollDataPage.swift in Sources */,
				9068D9072AAB7A580078892B /* SwipeDataPage.swift in Sources */,
				907AB2C72A9D610700B489BF /* TestsBottlesPage.swift in Sources */,
				90956CB02A96CFD100130390 /* wqsmApp.swift in Sources */,
			);
			runOnlyForDeploymentPostprocessing = 0;
		};
/* End PBXSourcesBuildPhase section */

/* Begin XCBuildConfiguration section */
		90956CB92A96CFD200130390 /* Debug */ = {
			isa = XCBuildConfiguration;
			buildSettings = {
				ALWAYS_SEARCH_USER_PATHS = NO;
				CLANG_ANALYZER_NONNULL = YES;
				CLANG_ANALYZER_NUMBER_OBJECT_CONVERSION = YES_AGGRESSIVE;
				CLANG_CXX_LANGUAGE_STANDARD = "gnu++14";
				CLANG_CXX_LIBRARY = "libc++";
				CLANG_ENABLE_MODULES = YES;
				CLANG_ENABLE_OBJC_ARC = YES;
				CLANG_ENABLE_OBJC_WEAK = YES;
				CLANG_WARN_BLOCK_CAPTURE_AUTORELEASING = YES;
				CLANG_WARN_BOOL_CONVERSION = YES;
				CLANG_WARN_COMMA = YES;
				CLANG_WARN_CONSTANT_CONVERSION = YES;
				CLANG_WARN_DEPRECATED_OBJC_IMPLEMENTATIONS = YES;
				CLANG_WARN_DIRECT_OBJC_ISA_USAGE = YES_ERROR;
				CLANG_WARN_DOCUMENTATION_COMMENTS = YES;
				CLANG_WARN_EMPTY_BODY = YES;
				CLANG_WARN_ENUM_CONVERSION = YES;
				CLANG_WARN_INFINITE_RECURSION = YES;
				CLANG_WARN_INT_CONVERSION = YES;
				CLANG_WARN_NON_LITERAL_NULL_CONVERSION = YES;
				CLANG_WARN_OBJC_IMPLICIT_RETAIN_SELF = YES;
				CLANG_WARN_OBJC_LITERAL_CONVERSION = YES;
				CLANG_WARN_OBJC_ROOT_CLASS = YES_ERROR;
				CLANG_WARN_QUOTED_INCLUDE_IN_FRAMEWORK_HEADER = YES;
				CLANG_WARN_RANGE_LOOP_ANALYSIS = YES;
				CLANG_WARN_STRICT_PROTOTYPES = YES;
				CLANG_WARN_SUSPICIOUS_MOVE = YES;
				CLANG_WARN_UNGUARDED_AVAILABILITY = YES_AGGRESSIVE;
				CLANG_WARN_UNREACHABLE_CODE = YES;
				CLANG_WARN__DUPLICATE_METHOD_MATCH = YES;
				COPY_PHASE_STRIP = NO;
				DEBUG_INFORMATION_FORMAT = dwarf;
				ENABLE_STRICT_OBJC_MSGSEND = YES;
				ENABLE_TESTABILITY = YES;
				GCC_C_LANGUAGE_STANDARD = gnu11;
				GCC_DYNAMIC_NO_PIC = NO;
				GCC_NO_COMMON_BLOCKS = YES;
				GCC_OPTIMIZATION_LEVEL = 0;
				GCC_PREPROCESSOR_DEFINITIONS = (
					"DEBUG=1",
					"$(inherited)",
				);
				GCC_WARN_64_TO_32_BIT_CONVERSION = YES;
				GCC_WARN_ABOUT_RETURN_TYPE = YES_ERROR;
				GCC_WARN_UNDECLARED_SELECTOR = YES;
				GCC_WARN_UNINITIALIZED_AUTOS = YES_AGGRESSIVE;
				GCC_WARN_UNUSED_FUNCTION = YES;
				GCC_WARN_UNUSED_VARIABLE = YES;
				IPHONEOS_DEPLOYMENT_TARGET = 14.5;
				MTL_ENABLE_DEBUG_INFO = INCLUDE_SOURCE;
				MTL_FAST_MATH = YES;
				ONLY_ACTIVE_ARCH = YES;
				SDKROOT = iphoneos;
				SWIFT_ACTIVE_COMPILATION_CONDITIONS = DEBUG;
				SWIFT_OPTIMIZATION_LEVEL = "-Onone";
			};
			name = Debug;
		};
		90956CBA2A96CFD200130390 /* Release */ = {
			isa = XCBuildConfiguration;
			buildSettings = {
				ALWAYS_SEARCH_USER_PATHS = NO;
				CLANG_ANALYZER_NONNULL = YES;
				CLANG_ANALYZER_NUMBER_OBJECT_CONVERSION = YES_AGGRESSIVE;
				CLANG_CXX_LANGUAGE_STANDARD = "gnu++14";
				CLANG_CXX_LIBRARY = "libc++";
				CLANG_ENABLE_MODULES = YES;
				CLANG_ENABLE_OBJC_ARC = YES;
				CLANG_ENABLE_OBJC_WEAK = YES;
				CLANG_WARN_BLOCK_CAPTURE_AUTORELEASING = YES;
				CLANG_WARN_BOOL_CONVERSION = YES;
				CLANG_WARN_COMMA = YES;
				CLANG_WARN_CONSTANT_CONVERSION = YES;
				CLANG_WARN_DEPRECATED_OBJC_IMPLEMENTATIONS = YES;
				CLANG_WARN_DIRECT_OBJC_ISA_USAGE = YES_ERROR;
				CLANG_WARN_DOCUMENTATION_COMMENTS = YES;
				CLANG_WARN_EMPTY_BODY = YES;
				CLANG_WARN_ENUM_CONVERSION = YES;
				CLANG_WARN_INFINITE_RECURSION = YES;
				CLANG_WARN_INT_CONVERSION = YES;
				CLANG_WARN_NON_LITERAL_NULL_CONVERSION = YES;
				CLANG_WARN_OBJC_IMPLICIT_RETAIN_SELF = YES;
				CLANG_WARN_OBJC_LITERAL_CONVERSION = YES;
				CLANG_WARN_OBJC_ROOT_CLASS = YES_ERROR;
				CLANG_WARN_QUOTED_INCLUDE_IN_FRAMEWORK_HEADER = YES;
				CLANG_WARN_RANGE_LOOP_ANALYSIS = YES;
				CLANG_WARN_STRICT_PROTOTYPES = YES;
				CLANG_WARN_SUSPICIOUS_MOVE = YES;
				CLANG_WARN_UNGUARDED_AVAILABILITY = YES_AGGRESSIVE;
				CLANG_WARN_UNREACHABLE_CODE = YES;
				CLANG_WARN__DUPLICATE_METHOD_MATCH = YES;
				COPY_PHASE_STRIP = NO;
				DEBUG_INFORMATION_FORMAT = "dwarf-with-dsym";
				ENABLE_NS_ASSERTIONS = NO;
				ENABLE_STRICT_OBJC_MSGSEND = YES;
				GCC_C_LANGUAGE_STANDARD = gnu11;
				GCC_NO_COMMON_BLOCKS = YES;
				GCC_WARN_64_TO_32_BIT_CONVERSION = YES;
				GCC_WARN_ABOUT_RETURN_TYPE = YES_ERROR;
				GCC_WARN_UNDECLARED_SELECTOR = YES;
				GCC_WARN_UNINITIALIZED_AUTOS = YES_AGGRESSIVE;
				GCC_WARN_UNUSED_FUNCTION = YES;
				GCC_WARN_UNUSED_VARIABLE = YES;
				IPHONEOS_DEPLOYMENT_TARGET = 14.5;
				MTL_ENABLE_DEBUG_INFO = NO;
				MTL_FAST_MATH = YES;
				SDKROOT = iphoneos;
				SWIFT_COMPILATION_MODE = wholemodule;
				SWIFT_OPTIMIZATION_LEVEL = "-O";
				VALIDATE_PRODUCT = YES;
			};
			name = Release;
		};
		90956CBC2A96CFD200130390 /* Debug */ = {
			isa = XCBuildConfiguration;
			buildSettings = {
				ASSETCATALOG_COMPILER_APPICON_NAME = AppIcon;
				ASSETCATALOG_COMPILER_GLOBAL_ACCENT_COLOR_NAME = AccentColor;
				CODE_SIGN_STYLE = Automatic;
				DEVELOPMENT_ASSET_PATHS = "\"wqsm/Preview Content\"";
				ENABLE_PREVIEWS = YES;
				INFOPLIST_FILE = wqsm/Info.plist;
				IPHONEOS_DEPLOYMENT_TARGET = 14.0;
				LD_RUNPATH_SEARCH_PATHS = (
					"$(inherited)",
					"@executable_path/Frameworks",
				);
				PRODUCT_BUNDLE_IDENTIFIER = org.islandcityopera.essention.wqsm;
				PRODUCT_NAME = "$(TARGET_NAME)";
				SWIFT_VERSION = 5.0;
				TARGETED_DEVICE_FAMILY = 1;
			};
			name = Debug;
		};
		90956CBD2A96CFD200130390 /* Release */ = {
			isa = XCBuildConfiguration;
			buildSettings = {
				ASSETCATALOG_COMPILER_APPICON_NAME = AppIcon;
				ASSETCATALOG_COMPILER_GLOBAL_ACCENT_COLOR_NAME = AccentColor;
				CODE_SIGN_STYLE = Automatic;
				DEVELOPMENT_ASSET_PATHS = "\"wqsm/Preview Content\"";
				ENABLE_PREVIEWS = YES;
				INFOPLIST_FILE = wqsm/Info.plist;
				IPHONEOS_DEPLOYMENT_TARGET = 14.0;
				LD_RUNPATH_SEARCH_PATHS = (
					"$(inherited)",
					"@executable_path/Frameworks",
				);
				PRODUCT_BUNDLE_IDENTIFIER = org.islandcityopera.essention.wqsm;
				PRODUCT_NAME = "$(TARGET_NAME)";
				SWIFT_VERSION = 5.0;
				TARGETED_DEVICE_FAMILY = 1;
			};
			name = Release;
		};
/* End XCBuildConfiguration section */

/* Begin XCConfigurationList section */
		90956CA72A96CFD100130390 /* Build configuration list for PBXProject "wqsm" */ = {
			isa = XCConfigurationList;
			buildConfigurations = (
				90956CB92A96CFD200130390 /* Debug */,
				90956CBA2A96CFD200130390 /* Release */,
			);
			defaultConfigurationIsVisible = 0;
			defaultConfigurationName = Release;
		};
		90956CBB2A96CFD200130390 /* Build configuration list for PBXNativeTarget "wqsm" */ = {
			isa = XCConfigurationList;
			buildConfigurations = (
				90956CBC2A96CFD200130390 /* Debug */,
				90956CBD2A96CFD200130390 /* Release */,
			);
			defaultConfigurationIsVisible = 0;
			defaultConfigurationName = Release;
		};
/* End XCConfigurationList section */
	};
	rootObject = 90956CA42A96CFD100130390 /* Project object */;
}
